
Microsoft Visual Studio Solution File, Format Version 12.00
# Visual Studio Version 16
VisualStudioVersion = 16.0.29728.190
MinimumVisualStudioVersion = 10.0.40219.1
Project("{FAE04EC0-301F-11D3-BF4B-00C04F79EFBC}") = "Project_laba", "Project_laba.csproj", "{FE223EAC-6321-4A18-9473-2CC1E03672D5}"
EndProject
Global
	GlobalSection(SolutionConfigurationPlatforms) = preSolution
		Debug|Any CPU = Debug|Any CPU
		Release|Any CPU = Release|Any CPU
	EndGlobalSection
	GlobalSection(ProjectConfigurationPlatforms) = postSolution
		{FE223EAC-6321-4A18-9473-2CC1E03672D5}.Debug|Any CPU.ActiveCfg = Debug|Any CPU
		{FE223EAC-6321-4A18-9473-2CC1E03672D5}.Debug|Any CPU.Build.0 = Debug|Any CPU
		{FE223EAC-6321-4A18-9473-2CC1E03672D5}.Release|Any CPU.ActiveCfg = Release|Any CPU
		{FE223EAC-6321-4A18-9473-2CC1E03672D5}.Release|Any CPU.Build.0 = Release|Any CPU
	EndGlobalSection
	GlobalSection(SolutionProperties) = preSolution
		HideSolutionNode = FALSE
	EndGlobalSection
	GlobalSection(ExtensibilityGlobals) = postSolution
		SolutionGuid = {8590FDDC-B61D-41D2-81C2-973D18601A3E}
	EndGlobalSection
EndGlobal
